
Microsoft Visual Studio Solution File, Format Version 12.00
# Visual Studio Version 17
VisualStudioVersion = 17.7.34003.232
MinimumVisualStudioVersion = 10.0.40219.1
Project("{FAE04EC0-301F-11D3-BF4B-00C04F79EFBC}") = "FileExplorer", "FileExplorer\FileExplorer.csproj", "{A28D4132-AB3A-4DD7-8AA2-99D8F469EEFA}"
EndProject
Global
	GlobalSection(SolutionConfigurationPlatforms) = preSolution
		Debug|Any CPU = Debug|Any CPU
		Release|Any CPU = Release|Any CPU
	EndGlobalSection
	GlobalSection(ProjectConfigurationPlatforms) = postSolution
		{A28D4132-AB3A-4DD7-8AA2-99D8F469EEFA}.Debug|Any CPU.ActiveCfg = Debug|Any CPU
		{A28D4132-AB3A-4DD7-8AA2-99D8F469EEFA}.Debug|Any CPU.Build.0 = Debug|Any CPU
		{A28D4132-AB3A-4DD7-8AA2-99D8F469EEFA}.Release|Any CPU.ActiveCfg = Release|Any CPU
		{A28D4132-AB3A-4DD7-8AA2-99D8F469EEFA}.Release|Any CPU.Build.0 = Release|Any CPU
	EndGlobalSection
	GlobalSection(SolutionProperties) = preSolution
		HideSolutionNode = FALSE
	EndGlobalSection
	GlobalSection(ExtensibilityGlobals) = postSolution
		SolutionGuid = {8E515049-9AC6-45A7-80CC-3C8133DDF718}
	EndGlobalSection
EndGlobal
